{
  "lockfileVersion": 1,
  "configVersion": 1,
  "workspaces": {
    "": {
      "name": "group-deps",
      "dependencies": {
        "@zerun/group-deps": "npm:@jsr/zerun__group-deps",
      },
      "peerDependencies": {
        "typescript": "^5",
      },
    },
  },
  "packages": {
    "@zerun/group-deps": ["@jsr/zerun__group-deps@0.1.0", "https://npm.jsr.io/~/11/@jsr/zerun__group-deps/0.1.0.tgz", {}, "sha512-tgCNpr2QRC9rv0XVA45XUVHVeVtvPRNjDv4fnRvOrhQRm7HNLHHRRBzvLyIt1oHhC0V6Zgf11tddsAoA5aJK2g=="],

    "typescript": ["typescript@5.9.3", "", { "bin": { "tsc": "bin/tsc", "tsserver": "bin/tsserver" } }, "sha512-jl1vZzPDinLr9eUt3J/t7V6FgNEw9QjvBPdysz9KfQDD41fQrC2Y4vKQdiaUpFT4bXlb1RHhLpp8wtm6M5TgSw=="],
  }
}
